{"is_source_file": false, "format": "", "description": "", "external_files": [], "external_methods": [], "published": [], "classes": [], "methods": [], "calls": [], "search-terms": [], "state": 2, "file_id": 6, "knowledge_revision": 13, "git_revision": "e9a3da299b138dfe085213e1a0c5a20dcd914e0a", "filename": "/home/kavia/workspace/code-generation/breathetrack-95616-95622/main_container_for_breathetrack/post_process_status.lock", "hash": "9c4ed7ef73e22b872b8055bec08b8979", "format-version": 4, "code-base-name": "default", "revision_history": [{"13": "e9a3da299b138dfe085213e1a0c5a20dcd914e0a"}]}